
Microsoft Visual Studio Solution File, Format Version 12.00
# Visual Studio Version 17
VisualStudioVersion = 17.4.33110.190
MinimumVisualStudioVersion = 10.0.40219.1
Project("{FAE04EC0-301F-11D3-BF4B-00C04F79EFBC}") = "DataAccess", "DataAccess\DataAccess.csproj", "{F1DECAF4-E4E8-4A34-A62F-FDC11370EA41}"
EndProject
Project("{FAE04EC0-301F-11D3-BF4B-00C04F79EFBC}") = "Core", "Core\Core.csproj", "{1EDE7BEC-1E37-4F32-83CA-B431092D3AA2}"
EndProject
Project("{FAE04EC0-301F-11D3-BF4B-00C04F79EFBC}") = "WebUI", "WebUI\WebUI.csproj", "{0E73C862-73FD-49D2-A2FC-412A35F9444A}"
EndProject
Global
	GlobalSection(SolutionConfigurationPlatforms) = preSolution
		Debug|Any CPU = Debug|Any CPU
		Release|Any CPU = Release|Any CPU
	EndGlobalSection
	GlobalSection(ProjectConfigurationPlatforms) = postSolution
		{F1DECAF4-E4E8-4A34-A62F-FDC11370EA41}.Debug|Any CPU.ActiveCfg = Debug|Any CPU
		{F1DECAF4-E4E8-4A34-A62F-FDC11370EA41}.Debug|Any CPU.Build.0 = Debug|Any CPU
		{F1DECAF4-E4E8-4A34-A62F-FDC11370EA41}.Release|Any CPU.ActiveCfg = Release|Any CPU
		{F1DECAF4-E4E8-4A34-A62F-FDC11370EA41}.Release|Any CPU.Build.0 = Release|Any CPU
		{1EDE7BEC-1E37-4F32-83CA-B431092D3AA2}.Debug|Any CPU.ActiveCfg = Debug|Any CPU
		{1EDE7BEC-1E37-4F32-83CA-B431092D3AA2}.Debug|Any CPU.Build.0 = Debug|Any CPU
		{1EDE7BEC-1E37-4F32-83CA-B431092D3AA2}.Release|Any CPU.ActiveCfg = Release|Any CPU
		{1EDE7BEC-1E37-4F32-83CA-B431092D3AA2}.Release|Any CPU.Build.0 = Release|Any CPU
		{0E73C862-73FD-49D2-A2FC-412A35F9444A}.Debug|Any CPU.ActiveCfg = Debug|Any CPU
		{0E73C862-73FD-49D2-A2FC-412A35F9444A}.Debug|Any CPU.Build.0 = Debug|Any CPU
		{0E73C862-73FD-49D2-A2FC-412A35F9444A}.Release|Any CPU.ActiveCfg = Release|Any CPU
		{0E73C862-73FD-49D2-A2FC-412A35F9444A}.Release|Any CPU.Build.0 = Release|Any CPU
	EndGlobalSection
	GlobalSection(SolutionProperties) = preSolution
		HideSolutionNode = FALSE
	EndGlobalSection
	GlobalSection(ExtensibilityGlobals) = postSolution
		SolutionGuid = {E761F013-8313-4335-A90B-A410FD5E90D5}
	EndGlobalSection
EndGlobal
