
Microsoft Visual Studio Solution File, Format Version 12.00
# Visual Studio Version 17
VisualStudioVersion = 17.4.33110.190
MinimumVisualStudioVersion = 10.0.40219.1
Project("{FAE04EC0-301F-11D3-BF4B-00C04F79EFBC}") = "Core", "Core\Core.csproj", "{A32431D0-D795-4314-BB61-1E48AC3D069C}"
EndProject
Project("{FAE04EC0-301F-11D3-BF4B-00C04F79EFBC}") = "DataAccess", "DataAccess\DataAccess.csproj", "{621F7890-43FC-4C82-B643-15880333BC4D}"
EndProject
Project("{FAE04EC0-301F-11D3-BF4B-00C04F79EFBC}") = "WebUI", "WebUI\WebUI.csproj", "{2CF3BAA0-E864-4E79-BF7E-289B0184D966}"
EndProject
Global
	GlobalSection(SolutionConfigurationPlatforms) = preSolution
		Debug|Any CPU = Debug|Any CPU
		Release|Any CPU = Release|Any CPU
	EndGlobalSection
	GlobalSection(ProjectConfigurationPlatforms) = postSolution
		{A32431D0-D795-4314-BB61-1E48AC3D069C}.Debug|Any CPU.ActiveCfg = Debug|Any CPU
		{A32431D0-D795-4314-BB61-1E48AC3D069C}.Debug|Any CPU.Build.0 = Debug|Any CPU
		{A32431D0-D795-4314-BB61-1E48AC3D069C}.Release|Any CPU.ActiveCfg = Release|Any CPU
		{A32431D0-D795-4314-BB61-1E48AC3D069C}.Release|Any CPU.Build.0 = Release|Any CPU
		{621F7890-43FC-4C82-B643-15880333BC4D}.Debug|Any CPU.ActiveCfg = Debug|Any CPU
		{621F7890-43FC-4C82-B643-15880333BC4D}.Debug|Any CPU.Build.0 = Debug|Any CPU
		{621F7890-43FC-4C82-B643-15880333BC4D}.Release|Any CPU.ActiveCfg = Release|Any CPU
		{621F7890-43FC-4C82-B643-15880333BC4D}.Release|Any CPU.Build.0 = Release|Any CPU
		{2CF3BAA0-E864-4E79-BF7E-289B0184D966}.Debug|Any CPU.ActiveCfg = Debug|Any CPU
		{2CF3BAA0-E864-4E79-BF7E-289B0184D966}.Debug|Any CPU.Build.0 = Debug|Any CPU
		{2CF3BAA0-E864-4E79-BF7E-289B0184D966}.Release|Any CPU.ActiveCfg = Release|Any CPU
		{2CF3BAA0-E864-4E79-BF7E-289B0184D966}.Release|Any CPU.Build.0 = Release|Any CPU
	EndGlobalSection
	GlobalSection(SolutionProperties) = preSolution
		HideSolutionNode = FALSE
	EndGlobalSection
	GlobalSection(ExtensibilityGlobals) = postSolution
		SolutionGuid = {FC80DCA1-7F20-47C3-BDD4-E1C6FCDF8D8C}
	EndGlobalSection
EndGlobal
